
Microsoft Visual Studio Solution File, Format Version 12.00
# Visual Studio Version 17
VisualStudioVersion = 17.0.32014.148
MinimumVisualStudioVersion = 10.0.40219.1
Project("{FAE04EC0-301F-11D3-BF4B-00C04F79EFBC}") = "HotelApi", "HotelApi\HotelApi.csproj", "{111C3E0A-59C0-455C-B3A5-60F526FCE240}"
EndProject
Global
	GlobalSection(SolutionConfigurationPlatforms) = preSolution
		Debug|Any CPU = Debug|Any CPU
		Release|Any CPU = Release|Any CPU
	EndGlobalSection
	GlobalSection(ProjectConfigurationPlatforms) = postSolution
		{111C3E0A-59C0-455C-B3A5-60F526FCE240}.Debug|Any CPU.ActiveCfg = Debug|Any CPU
		{111C3E0A-59C0-455C-B3A5-60F526FCE240}.Debug|Any CPU.Build.0 = Debug|Any CPU
		{111C3E0A-59C0-455C-B3A5-60F526FCE240}.Release|Any CPU.ActiveCfg = Release|Any CPU
		{111C3E0A-59C0-455C-B3A5-60F526FCE240}.Release|Any CPU.Build.0 = Release|Any CPU
	EndGlobalSection
	GlobalSection(SolutionProperties) = preSolution
		HideSolutionNode = FALSE
	EndGlobalSection
	GlobalSection(ExtensibilityGlobals) = postSolution
		SolutionGuid = {FDA62AE7-B693-4FE3-AF33-C5B8D321EF1D}
	EndGlobalSection
EndGlobal
